# This file is automatically @generated by Wally.
# It is not intended for manual editing.
registry = "test"

[[package]]
name = "evaera/matter"
version = "0.6.2"
dependencies = [["TestEZ", "roblox/testez@0.4.1"]]

[[package]]
name = "evaera/matter-example"
version = "0.1.0"
dependencies = [["Matter", "evaera/matter@0.6.2"], ["Net", "yetanotherclown/net@0.4.0"], ["Plasma", "evaera/plasma@0.4.1"], ["Rewire", "sayhisam1/rewire@0.3.0"]]

[[package]]
name = "evaera/plasma"
version = "0.4.1"
dependencies = [["TestEZ", "roblox/testez@0.4.1"]]

[[package]]
name = "roblox/testez"
version = "0.4.1"
dependencies = []

[[package]]
name = "sayhisam1/rewire"
version = "0.3.0"
dependencies = []

[[package]]
name = "yetanotherclown/net"
version = "0.4.0"
dependencies = []
